{
  "- `OAuth::Comsumer#options` hash is now handled by `snaky_hash`, which was extracted from `oauth2`\n- symbolized keys, dot-access and snake-case are now normalized": [
    {
      "file": "CHANGELOG.md",
      "lines": [
        297,
        306,
        329
      ]
    }
  ],
  "// Use 'forwardPorts' to make a list of ports inside the container available locally.\n// \"forwardPorts\": [],": [
    {
      "file": ".devcontainer/devcontainer.json",
      "lines": [
        11,
        22
      ]
    }
  ],
  "action: remove_modular_gem\nreason: \"oauth.gemspec owns this development dependency.\"": [
    {
      "file": ".structuredmerge/kettle-jem.yml",
      "lines": [
        102,
        107,
        112,
        117,
        122,
        127,
        132,
        137
      ]
    }
  ],
  "direct: oauth.gemspec\nmodular: gemfiles/modular/injected.gemfile": [
    {
      "file": ".structuredmerge/kettle-jem.yml",
      "lines": [
        100,
        105,
        110,
        115,
        120,
        125,
        130,
        135
      ]
    }
  ],
  "modular: gemfiles/modular/injected.gemfile\naction: remove_modular_gem": [
    {
      "file": ".structuredmerge/kettle-jem.yml",
      "lines": [
        101,
        106,
        111,
        116,
        121,
        126,
        131,
        136
      ]
    }
  ]
}
