{
  "- `OAuth::Comsumer#options` hash is now handled by `snaky_hash`, which was extracted from `oauth2`\n- symbolized keys, dot-access and snake-case are now normalized": [
    {
      "file": "CHANGELOG.md",
      "lines": [
        311,
        320,
        343
      ]
    }
  ],
  "// Use 'forwardPorts' to make a list of ports inside the container available locally.\n// \"forwardPorts\": [],": [
    {
      "file": ".devcontainer/devcontainer.json",
      "lines": [
        11,
        22
      ]
    }
  ],
  "action: remove_modular_gem\nreason: \"oauth.gemspec owns this development dependency.\"": [
    {
      "file": ".structuredmerge/kettle-jem.yml",
      "lines": [
        114,
        119,
        124,
        129,
        134,
        139,
        144,
        149
      ]
    }
  ],
  "direct: oauth.gemspec\nmodular: gemfiles/modular/injected.gemfile": [
    {
      "file": ".structuredmerge/kettle-jem.yml",
      "lines": [
        112,
        117,
        122,
        127,
        132,
        137,
        142,
        147
      ]
    }
  ],
  "modular: gemfiles/modular/injected.gemfile\naction: remove_modular_gem": [
    {
      "file": ".structuredmerge/kettle-jem.yml",
      "lines": [
        113,
        118,
        123,
        128,
        133,
        138,
        143,
        148
      ]
    }
  ]
}
