{
  "- `OAuth::Comsumer#options` hash is now handled by `snaky_hash`, which was extracted from `oauth2`\n- symbolized keys, dot-access and snake-case are now normalized": [
    {
      "file": "CHANGELOG.md",
      "lines": [
        295,
        304,
        327
      ]
    }
  ],
  "// Use 'forwardPorts' to make a list of ports inside the container available locally.\n// \"forwardPorts\": [],": [
    {
      "file": ".devcontainer/devcontainer.json",
      "lines": [
        11,
        22
      ]
    }
  ],
  "action: remove_modular_gem\nreason: \"oauth.gemspec owns this development dependency.\"": [
    {
      "file": ".structuredmerge/kettle-jem.yml",
      "lines": [
        100,
        105,
        110,
        115,
        120,
        125,
        130,
        135
      ]
    }
  ],
  "direct: oauth.gemspec\nmodular: gemfiles/modular/injected.gemfile": [
    {
      "file": ".structuredmerge/kettle-jem.yml",
      "lines": [
        98,
        103,
        108,
        113,
        118,
        123,
        128,
        133
      ]
    }
  ],
  "modular: gemfiles/modular/injected.gemfile\naction: remove_modular_gem": [
    {
      "file": ".structuredmerge/kettle-jem.yml",
      "lines": [
        99,
        104,
        109,
        114,
        119,
        124,
        129,
        134
      ]
    }
  ]
}
