{
  "Gemfile:1802878061": [
    [36, 23, 6, "Lint/LtsRuby/UnavailableMethod: Pathname#empty? is unavailable before Ruby 2.4.", 1165546895]
  ],
  "README.md:458739229": [
    [225, 8, 8, "Lint/LtsRuby/UnavailableMethod: Matrix/Vector#[]= is unavailable before Ruby 2.6.", 601806978],
    [226, 8, 15, "Lint/LtsRuby/UnavailableMethod: Matrix/Vector#[]= is unavailable before Ruby 2.6.", 1419317483],
    [260, 22, 17, "Lint/LtsRuby/UnavailableMethod: Matrix/Vector#[]= is unavailable before Ruby 2.6.", 3800395832]
  ],
  "Rakefile:2468534124": [
    [58, 70, 6, "Lint/LtsRuby/UnavailableMethod: Pathname#empty? is unavailable before Ruby 2.4.", 1165546895],
    [73, 8, 4, "Lint/LtsRuby/UnavailableMethod: Enumerable/Enumerator::Lazy#uniq is unavailable before Ruby 2.4.", 2087995782]
  ],
  "gemfiles/modular/coverage_local.gemfile:2661471746": [
    [19, 27, 4, "Lint/LtsRuby/UnavailableMethod: Symbol#name is unavailable before Ruby 3.0.", 2087876002],
    [37, 101, 4, "Lint/LtsRuby/UnavailableMethod: Symbol#name is unavailable before Ruby 3.0.", 2087876002],
    [46, 5, 5, "Lint/LtsRuby/UnavailableMethod: Thread#fetch is unavailable before Ruby 2.5.", 171106201],
    [49, 31, 4, "Lint/LtsRuby/UnavailableMethod: Symbol#name is unavailable before Ruby 3.0.", 2087876002]
  ],
  "gemfiles/modular/documentation_local.gemfile:3227795705": [
    [19, 27, 4, "Lint/LtsRuby/UnavailableMethod: Symbol#name is unavailable before Ruby 3.0.", 2087876002]
  ],
  "gemfiles/modular/style_local.gemfile:3577728394": [
    [22, 27, 4, "Lint/LtsRuby/UnavailableMethod: Symbol#name is unavailable before Ruby 3.0.", 2087876002]
  ],
  "gemfiles/modular/templating.gemfile:960605653": [
    [6, 39, 4, "Lint/LtsRuby/UnavailableMethod: Set#to_s is unavailable before Ruby 2.5.", 2087961426],
    [7, 28, 6, "Lint/LtsRuby/UnavailableMethod: Pathname#empty? is unavailable before Ruby 2.4.", 1165546895],
    [8, 40, 4, "Lint/LtsRuby/UnavailableMethod: Set#to_s is unavailable before Ruby 2.5.", 2087961426],
    [8, 45, 6, "Lint/LtsRuby/UnavailableMethod: Pathname#empty? is unavailable before Ruby 2.4.", 1165546895],
    [11, 35, 4, "Lint/LtsRuby/UnavailableMethod: Set#to_s is unavailable before Ruby 2.5.", 2087961426],
    [11, 40, 6, "Lint/LtsRuby/UnavailableMethod: Pathname#empty? is unavailable before Ruby 2.4.", 1165546895]
  ],
  "gemfiles/modular/templating_local.gemfile:1318235891": [
    [20, 27, 4, "Lint/LtsRuby/UnavailableMethod: Symbol#name is unavailable before Ruby 3.0.", 2087876002],
    [85, 101, 4, "Lint/LtsRuby/UnavailableMethod: Symbol#name is unavailable before Ruby 3.0.", 2087876002],
    [94, 5, 5, "Lint/LtsRuby/UnavailableMethod: Thread#fetch is unavailable before Ruby 2.5.", 171106201],
    [97, 31, 4, "Lint/LtsRuby/UnavailableMethod: Symbol#name is unavailable before Ruby 3.0.", 2087876002]
  ],
  "lib/oauth/client/action_controller_request.rb:2576880098": [
    [33, 23, 19, "Lint/LtsRuby/UnavailableMethod: Matrix/Vector#[]= is unavailable before Ruby 2.6.", 4017811766],
    [65, 10, 17, "Lint/LtsRuby/UnavailableMethod: Matrix/Vector#[]= is unavailable before Ruby 2.6.", 3800395832]
  ],
  "lib/oauth/client/em_http.rb:1032904576": [
    [79, 50, 6, "Lint/LtsRuby/UnavailableMethod: Pathname#empty? is unavailable before Ruby 2.4.", 1165546895],
    [89, 51, 4, "Lint/LtsRuby/UnavailableMethod: Set#join is unavailable before Ruby 3.0.", 2088000679],
    [91, 17, 4, "Lint/LtsRuby/UnavailableMethod: Set#to_s is unavailable before Ruby 2.5.", 2087961426],
    [93, 71, 4, "Lint/LtsRuby/UnavailableMethod: Set#join is unavailable before Ruby 3.0.", 2088000679],
    [93, 98, 4, "Lint/LtsRuby/UnavailableMethod: Set#to_s is unavailable before Ruby 2.5.", 2087961426],
    [93, 103, 6, "Lint/LtsRuby/UnavailableMethod: Pathname#empty? is unavailable before Ruby 2.4.", 1165546895],
    [94, 24, 4, "Lint/LtsRuby/UnavailableMethod: Set#to_s is unavailable before Ruby 2.5.", 2087961426],
    [94, 29, 6, "Lint/LtsRuby/UnavailableMethod: Pathname#empty? is unavailable before Ruby 2.4.", 1165546895],
    [100, 39, 4, "Lint/LtsRuby/UnavailableMethod: IO/SyntaxError#path is unavailable before Ruby 3.2.", 2088095368],
    [109, 13, 4, "Lint/LtsRuby/UnavailableMethod: Set#to_s is unavailable before Ruby 2.5.", 2087961426]
  ],
  "lib/oauth/client/helper.rb:863047299": [
    [34, 54, 3, "Lint/LtsRuby/UnavailableMethod: KeyError#key is unavailable before Ruby 2.5.", 193424690],
    [47, 32, 4, "Lint/LtsRuby/UnavailableMethod: Set#to_s is unavailable before Ruby 2.5.", 2087961426],
    [74, 17, 12, "Lint/LtsRuby/UnavailableMethod: Matrix/Vector#[]= is unavailable before Ruby 2.6.", 3219842564],
    [83, 18, 14, "Lint/LtsRuby/UnavailableMethod: Matrix/Vector#[]= is unavailable before Ruby 2.6.", 2704998566],
    [89, 19, 19, "Lint/LtsRuby/UnavailableMethod: Matrix/Vector#[]= is unavailable before Ruby 2.6.", 645696607],
    [91, 84, 4, "Lint/LtsRuby/UnavailableMethod: Set#join is unavailable before Ruby 3.0.", 2088000679],
    [98, 45, 10, "Lint/LtsRuby/UnavailableMethod: TracePoint#parameters is unavailable before Ruby 2.6.", 3331928383]
  ],
  "lib/oauth/client/net_http.rb:831007347": [
    [88, 35, 5, "Lint/LtsRuby/UnavailableMethod: MatchData#match is unavailable before Ruby 3.1.", 174531222],
    [114, 11, 4, "Lint/LtsRuby/UnavailableMethod: Set#to_s is unavailable before Ruby 2.5.", 2087961426],
    [118, 81, 4, "Lint/LtsRuby/UnavailableMethod: Set#to_s is unavailable before Ruby 2.5.", 2087961426],
    [118, 95, 11, "Lint/LtsRuby/UnavailableMethod: Symbol#start_with? is unavailable before Ruby 2.7.", 1795111591],
    [122, 11, 17, "Lint/LtsRuby/UnavailableMethod: Matrix/Vector#[]= is unavailable before Ruby 2.6.", 3800395832],
    [136, 39, 10, "Lint/LtsRuby/UnavailableMethod: TracePoint#parameters is unavailable before Ruby 2.6.", 3331928383],
    [141, 93, 4, "Lint/LtsRuby/UnavailableMethod: Set#join is unavailable before Ruby 3.0.", 2088000679],
    [141, 105, 4, "Lint/LtsRuby/UnavailableMethod: Set#join is unavailable before Ruby 3.0.", 2088000679],
    [143, 32, 4, "Lint/LtsRuby/UnavailableMethod: Set#to_s is unavailable before Ruby 2.5.", 2087961426],
    [149, 19, 4, "Lint/LtsRuby/UnavailableMethod: Set#to_s is unavailable before Ruby 2.5.", 2087961426],
    [151, 13, 2, "Lint/LtsRuby/UnavailableMethod: Method/Proc#<< is unavailable before Ruby 2.6.", 5859461]
  ],
  "lib/oauth/consumer.rb:1840951906": [
    [144, 7, 15, "Lint/EmptyWhen: Avoid `when` branches without a body.", 602070219],
    [264, 23, 4, "Lint/LtsRuby/UnavailableMethod: IO/SyntaxError#path is unavailable before Ruby 3.2.", 2088095368],
    [315, 14, 16, "Lint/LtsRuby/UnavailableMethod: Matrix/Vector#[]= is unavailable before Ruby 2.6.", 2662669575],
    [316, 14, 9, "Lint/LtsRuby/UnavailableMethod: Matrix/Vector#[]= is unavailable before Ruby 2.6.", 4150594122],
    [324, 78, 1, "Lint/LtsRuby/UnavailableMethod: Enumerator#+ is unavailable before Ruby 2.6.", 177550],
    [355, 43, 4, "Lint/LtsRuby/UnavailableMethod: Set#to_s is unavailable before Ruby 2.5.", 2087961426],
    [355, 48, 6, "Lint/LtsRuby/UnavailableMethod: Pathname#empty? is unavailable before Ruby 2.4.", 1165546895],
    [361, 29, 4, "Lint/LtsRuby/UnavailableMethod: Set#to_s is unavailable before Ruby 2.5.", 2087961426],
    [371, 23, 5, "Lint/LtsRuby/UnavailableMethod: Thread#fetch is unavailable before Ruby 2.5.", 171106201],
    [375, 26, 4, "Lint/LtsRuby/UnavailableMethod: Set#to_s is unavailable before Ruby 2.5.", 2087961426],
    [375, 65, 4, "Lint/LtsRuby/UnavailableMethod: Set#to_s is unavailable before Ruby 2.5.", 2087961426],
    [376, 26, 4, "Lint/LtsRuby/UnavailableMethod: Set#to_s is unavailable before Ruby 2.5.", 2087961426],
    [376, 63, 4, "Lint/LtsRuby/UnavailableMethod: Set#to_s is unavailable before Ruby 2.5.", 2087961426],
    [398, 23, 4, "Lint/LtsRuby/UnavailableMethod: Set#to_s is unavailable before Ruby 2.5.", 2087961426],
    [404, 35, 4, "Lint/LtsRuby/UnavailableMethod: Set#to_s is unavailable before Ruby 2.5.", 2087961426],
    [429, 45, 1, "Lint/LtsRuby/UnavailableMethod: Enumerator#+ is unavailable before Ruby 2.6.", 177550],
    [437, 44, 1, "Lint/LtsRuby/UnavailableMethod: Enumerator#+ is unavailable before Ruby 2.6.", 177550],
    [445, 41, 1, "Lint/LtsRuby/UnavailableMethod: Enumerator#+ is unavailable before Ruby 2.6.", 177550],
    [453, 44, 1, "Lint/LtsRuby/UnavailableMethod: Enumerator#+ is unavailable before Ruby 2.6.", 177550],
    [528, 18, 4, "Lint/LtsRuby/UnavailableMethod: IO/SyntaxError#path is unavailable before Ruby 3.2.", 2088095368],
    [528, 23, 1, "Lint/LtsRuby/UnavailableMethod: Enumerator#+ is unavailable before Ruby 2.6.", 177550],
    [528, 37, 4, "Lint/LtsRuby/UnavailableMethod: IO/SyntaxError#path is unavailable before Ruby 3.2.", 2088095368],
    [528, 49, 4, "Lint/LtsRuby/UnavailableMethod: IO/SyntaxError#path is unavailable before Ruby 3.2.", 2088095368],
    [535, 16, 18, "Lint/LtsRuby/UnavailableMethod: Matrix/Vector#[]= is unavailable before Ruby 2.6.", 3807564539],
    [538, 16, 18, "Lint/LtsRuby/UnavailableMethod: Matrix/Vector#[]= is unavailable before Ruby 2.6.", 3807564539],
    [541, 16, 18, "Lint/LtsRuby/UnavailableMethod: Matrix/Vector#[]= is unavailable before Ruby 2.6.", 3807564539],
    [559, 20, 18, "Lint/LtsRuby/UnavailableMethod: Matrix/Vector#[]= is unavailable before Ruby 2.6.", 3807564539],
    [559, 53, 4, "Lint/LtsRuby/UnavailableMethod: Set#to_s is unavailable before Ruby 2.5.", 2087961426],
    [561, 20, 18, "Lint/LtsRuby/UnavailableMethod: Matrix/Vector#[]= is unavailable before Ruby 2.6.", 3807564539],
    [561, 51, 4, "Lint/LtsRuby/UnavailableMethod: StringScanner#size is unavailable before Ruby 2.5.", 2088346912],
    [561, 56, 4, "Lint/LtsRuby/UnavailableMethod: Set#to_s is unavailable before Ruby 2.5.", 2087961426],
    [566, 31, 4, "Lint/LtsRuby/UnavailableMethod: Set#to_s is unavailable before Ruby 2.5.", 2087961426],
    [567, 18, 18, "Lint/LtsRuby/UnavailableMethod: Matrix/Vector#[]= is unavailable before Ruby 2.6.", 3807564539],
    [567, 59, 4, "Lint/LtsRuby/UnavailableMethod: Set#to_s is unavailable before Ruby 2.5.", 2087961426]
  ],
  "lib/oauth/helper.rb:3558495039": [
    [15, 21, 4, "Lint/LtsRuby/UnavailableMethod: Set#to_s is unavailable before Ruby 2.5.", 2087961426],
    [17, 21, 4, "Lint/LtsRuby/UnavailableMethod: Set#to_s is unavailable before Ruby 2.5.", 2087961426],
    [23, 22, 4, "Lint/LtsRuby/UnavailableMethod: Set#to_s is unavailable before Ruby 2.5.", 2087961426],
    [27, 20, 1, "Lint/LtsRuby/UnavailableMethod: Range#% is unavailable before Ruby 2.6.", 177536],
    [31, 11, 4, "Lint/LtsRuby/UnavailableMethod: Set#join is unavailable before Ruby 3.0.", 2088000679],
    [36, 19, 4, "Lint/LtsRuby/UnavailableMethod: Set#to_s is unavailable before Ruby 2.5.", 2087961426],
    [59, 21, 4, "Lint/LtsRuby/UnavailableMethod: Set#to_s is unavailable before Ruby 2.5.", 2087961426],
    [74, 18, 2, "Lint/LtsRuby/UnavailableMethod: Method/Proc#<< is unavailable before Ruby 2.6.", 5859461],
    [74, 35, 6, "Lint/LtsRuby/UnavailableMethod: Pathname#empty? is unavailable before Ruby 2.4.", 1165546895],
    [80, 38, 4, "Lint/LtsRuby/UnavailableMethod: Set#join is unavailable before Ruby 3.0.", 2088000679],
    [86, 39, 4, "Lint/LtsRuby/UnavailableMethod: Set#join is unavailable before Ruby 3.0.", 2088000679],
    [105, 41, 4, "Lint/LtsRuby/UnavailableMethod: Set#join is unavailable before Ruby 3.0.", 2088000679],
    [122, 70, 4, "Lint/LtsRuby/UnavailableMethod: StringScanner#size is unavailable before Ruby 2.5.", 2088346912],
    [124, 14, 4, "Lint/LtsRuby/UnavailableMethod: Matrix/Vector#map! is unavailable before Ruby 2.6.", 2087697144],
    [138, 14, 8, "Lint/LtsRuby/UnavailableMethod: Matrix/Vector#[]= is unavailable before Ruby 2.6.", 1306411729],
    [138, 17, 4, "Lint/LtsRuby/UnavailableMethod: Set#to_s is unavailable before Ruby 2.5.", 2087961426]
  ],
  "lib/oauth/oauth_test_helper.rb:2382031779": [
    [10, 38, 4, "Lint/LtsRuby/UnavailableMethod: IO/SyntaxError#path is unavailable before Ruby 3.2.", 2088095368],
    [12, 19, 15, "Lint/LtsRuby/UnavailableMethod: Matrix/Vector#[]= is unavailable before Ruby 2.6.", 596772864],
    [13, 19, 18, "Lint/LtsRuby/UnavailableMethod: Matrix/Vector#[]= is unavailable before Ruby 2.6.", 1871187570],
    [19, 38, 4, "Lint/LtsRuby/UnavailableMethod: IO/SyntaxError#path is unavailable before Ruby 3.2.", 2088095368],
    [21, 19, 22, "Lint/LtsRuby/UnavailableMethod: Matrix/Vector#[]= is unavailable before Ruby 2.6.", 2343200095],
    [22, 19, 15, "Lint/LtsRuby/UnavailableMethod: Matrix/Vector#[]= is unavailable before Ruby 2.6.", 596772864],
    [23, 19, 18, "Lint/LtsRuby/UnavailableMethod: Matrix/Vector#[]= is unavailable before Ruby 2.6.", 1871187570]
  ],
  "lib/oauth/request_proxy.rb:398967932": [
    [23, 49, 4, "Lint/LtsRuby/UnavailableMethod: Set#to_s is unavailable before Ruby 2.5.", 2087961426]
  ],
  "lib/oauth/request_proxy/action_controller_request.rb:3378595482": [
    [15, 24, 4, "Lint/LtsRuby/UnavailableMethod: Set#to_s is unavailable before Ruby 2.5.", 2087961426],
    [41, 16, 2, "Lint/LtsRuby/UnavailableMethod: Method/Proc#<< is unavailable before Ruby 2.6.", 5859461],
    [44, 18, 2, "Lint/LtsRuby/UnavailableMethod: Method/Proc#<< is unavailable before Ruby 2.6.", 5859461],
    [45, 18, 2, "Lint/LtsRuby/UnavailableMethod: Method/Proc#<< is unavailable before Ruby 2.6.", 5859461],
    [47, 18, 2, "Lint/LtsRuby/UnavailableMethod: Method/Proc#<< is unavailable before Ruby 2.6.", 5859461],
    [51, 12, 4, "Lint/LtsRuby/UnavailableMethod: Set#join is unavailable before Ruby 3.0.", 2088000679],
    [52, 27, 5, "Lint/LtsRuby/UnavailableMethod: MatchData#match is unavailable before Ruby 3.1.", 174531222],
    [58, 65, 4, "Lint/LtsRuby/UnavailableMethod: Set#to_s is unavailable before Ruby 2.5.", 2087961426],
    [58, 79, 11, "Lint/LtsRuby/UnavailableMethod: Symbol#start_with? is unavailable before Ruby 2.7.", 1795111591]
  ],
  "lib/oauth/request_proxy/action_dispatch_request.rb:1852331891": [
    [37, 57, 4, "Lint/LtsRuby/UnavailableMethod: Set#to_s is unavailable before Ruby 2.5.", 2087961426],
    [37, 71, 11, "Lint/LtsRuby/UnavailableMethod: Symbol#start_with? is unavailable before Ruby 2.7.", 1795111591]
  ],
  "lib/oauth/request_proxy/base.rb:1734703542": [
    [13, 48, 7, "Lint/LtsRuby/UnavailableMethod: Matrix/Vector#[]= is unavailable before Ruby 2.6.", 4126466725],
    [94, 29, 1, "Lint/LtsRuby/UnavailableMethod: Enumerator#+ is unavailable before Ruby 2.6.", 177550],
    [100, 177, 4, "Lint/LtsRuby/UnavailableMethod: IO/SyntaxError#path is unavailable before Ruby 3.2.", 2088095368],
    [100, 187, 4, "Lint/LtsRuby/UnavailableMethod: IO/SyntaxError#path is unavailable before Ruby 3.2.", 2088095368],
    [100, 203, 4, "Lint/LtsRuby/UnavailableMethod: IO/SyntaxError#path is unavailable before Ruby 3.2.", 2088095368],
    [113, 19, 19, "Lint/LtsRuby/UnavailableMethod: Matrix/Vector#[]= is unavailable before Ruby 2.6.", 645696607],
    [121, 36, 4, "Lint/LtsRuby/UnavailableMethod: Set#join is unavailable before Ruby 3.0.", 2088000679],
    [138, 36, 4, "Lint/LtsRuby/UnavailableMethod: Set#join is unavailable before Ruby 3.0.", 2088000679],
    [146, 85, 4, "Lint/LtsRuby/UnavailableMethod: Set#join is unavailable before Ruby 3.0.", 2088000679],
    [156, 32, 5, "Lint/LtsRuby/UnavailableMethod: MatchData#match is unavailable before Ruby 3.1.", 174531222],
    [188, 14, 3, "Lint/LtsRuby/UnavailableMethod: Matrix/Vector#[]= is unavailable before Ruby 2.6.", 193474600]
  ],
  "lib/oauth/request_proxy/curb_request.rb:3461229280": [
    [27, 25, 4, "Lint/LtsRuby/UnavailableMethod: Set#to_s is unavailable before Ruby 2.5.", 2087961426],
    [49, 81, 4, "Lint/LtsRuby/UnavailableMethod: Set#to_s is unavailable before Ruby 2.5.", 2087961426],
    [49, 95, 11, "Lint/LtsRuby/UnavailableMethod: Symbol#start_with? is unavailable before Ruby 2.7.", 1795111591],
    [53, 24, 10, "Lint/LtsRuby/UnavailableMethod: Matrix/Vector#[]= is unavailable before Ruby 2.6.", 3033882746]
  ],
  "lib/oauth/request_proxy/em_http_request.rb:1053676992": [
    [24, 36, 4, "Lint/LtsRuby/UnavailableMethod: Set#to_s is unavailable before Ruby 2.5.", 2087961426],
    [46, 30, 4, "Lint/LtsRuby/UnavailableMethod: Set#to_s is unavailable before Ruby 2.5.", 2087961426],
    [48, 42, 4, "Lint/LtsRuby/UnavailableMethod: Set#to_s is unavailable before Ruby 2.5.", 2087961426],
    [53, 52, 4, "Lint/LtsRuby/UnavailableMethod: Set#to_s is unavailable before Ruby 2.5.", 2087961426],
    [53, 66, 11, "Lint/LtsRuby/UnavailableMethod: Symbol#start_with? is unavailable before Ruby 2.7.", 1795111591],
    [55, 68, 4, "Lint/LtsRuby/UnavailableMethod: Set#to_s is unavailable before Ruby 2.5.", 2087961426],
    [62, 26, 7, "Lint/LtsRuby/UnavailableMethod: Enumerable/Enumerator::Lazy#compact is unavailable before Ruby 3.1.", 3711215938],
    [65, 30, 4, "Lint/LtsRuby/UnavailableMethod: Set#to_s is unavailable before Ruby 2.5.", 2087961426],
    [67, 25, 10, "Lint/LtsRuby/UnavailableMethod: Matrix/Vector#[]= is unavailable before Ruby 2.6.", 4011834733],
    [67, 30, 4, "Lint/LtsRuby/UnavailableMethod: Set#to_s is unavailable before Ruby 2.5.", 2087961426]
  ],
  "lib/oauth/request_proxy/jabber_request.rb:4276742425": [
    [32, 18, 7, "Lint/LtsRuby/UnavailableMethod: Matrix/Vector#[]= is unavailable before Ruby 2.6.", 4074907308],
    [39, 18, 4, "Lint/LtsRuby/UnavailableMethod: Symbol#name is unavailable before Ruby 3.0.", 2087876002],
    [43, 30, 4, "Lint/LtsRuby/UnavailableMethod: Set#to_s is unavailable before Ruby 2.5.", 2087961426],
    [43, 54, 4, "Lint/LtsRuby/UnavailableMethod: Set#to_s is unavailable before Ruby 2.5.", 2087961426],
    [43, 60, 4, "Lint/LtsRuby/UnavailableMethod: Set#join is unavailable before Ruby 3.0.", 2088000679]
  ],
  "lib/oauth/request_proxy/net_http.rb:1234466874": [
    [20, 27, 4, "Lint/LtsRuby/UnavailableMethod: Set#to_s is unavailable before Ruby 2.5.", 2087961426],
    [43, 35, 2, "Lint/LtsRuby/UnavailableMethod: Method/Proc#<< is unavailable before Ruby 2.6.", 5859461],
    [45, 31, 3, "Lint/LtsRuby/UnavailableMethod: Matrix/Vector#[]= is unavailable before Ruby 2.6.", 193474600],
    [53, 24, 4, "Lint/LtsRuby/UnavailableMethod: Set#to_s is unavailable before Ruby 2.5.", 2087961426],
    [53, 61, 4, "Lint/LtsRuby/UnavailableMethod: Set#to_s is unavailable before Ruby 2.5.", 2087961426],
    [54, 22, 2, "Lint/LtsRuby/UnavailableMethod: Method/Proc#<< is unavailable before Ruby 2.6.", 5859461],
    [56, 20, 7, "Lint/LtsRuby/UnavailableMethod: Enumerable/Enumerator::Lazy#compact is unavailable before Ruby 3.1.", 3711215938],
    [56, 28, 4, "Lint/LtsRuby/UnavailableMethod: Set#join is unavailable before Ruby 3.0.", 2088000679],
    [60, 70, 4, "Lint/LtsRuby/UnavailableMethod: Set#to_s is unavailable before Ruby 2.5.", 2087961426],
    [60, 84, 11, "Lint/LtsRuby/UnavailableMethod: Symbol#start_with? is unavailable before Ruby 2.7.", 1795111591],
    [64, 31, 4, "Lint/LtsRuby/UnavailableMethod: IO/SyntaxError#path is unavailable before Ruby 3.2.", 2088095368]
  ],
  "lib/oauth/request_proxy/rack_request.rb:2366551029": [
    [36, 57, 4, "Lint/LtsRuby/UnavailableMethod: Set#to_s is unavailable before Ruby 2.5.", 2087961426],
    [36, 71, 11, "Lint/LtsRuby/UnavailableMethod: Symbol#start_with? is unavailable before Ruby 2.7.", 1795111591]
  ],
  "lib/oauth/request_proxy/rest_client_request.rb:3403526144": [
    [15, 26, 4, "Lint/LtsRuby/UnavailableMethod: Set#to_s is unavailable before Ruby 2.5.", 2087961426],
    [44, 79, 4, "Lint/LtsRuby/UnavailableMethod: Set#to_s is unavailable before Ruby 2.5.", 2087961426]
  ],
  "lib/oauth/request_proxy/typhoeus_request.rb:3040874107": [
    [26, 53, 4, "Lint/LtsRuby/UnavailableMethod: Set#to_s is unavailable before Ruby 2.5.", 2087961426],
    [27, 26, 6, "Lint/LtsRuby/UnavailableMethod: Pathname#empty? is unavailable before Ruby 2.4.", 1165546895],
    [31, 25, 4, "Lint/LtsRuby/UnavailableMethod: Set#to_s is unavailable before Ruby 2.5.", 2087961426]
  ],
  "lib/oauth/server.rb:3256440278": [
    [53, 16, 1, "Lint/LtsRuby/UnavailableMethod: Enumerator#+ is unavailable before Ruby 2.6.", 177550],
    [61, 16, 1, "Lint/LtsRuby/UnavailableMethod: Enumerator#+ is unavailable before Ruby 2.6.", 177550],
    [69, 16, 1, "Lint/LtsRuby/UnavailableMethod: Enumerator#+ is unavailable before Ruby 2.6.", 177550]
  ],
  "lib/oauth/signature/base.rb:474829793": [
    [27, 53, 3, "Lint/LtsRuby/UnavailableMethod: KeyError#key is unavailable before Ruby 2.5.", 193424690],
    [29, 45, 18, "Lint/LtsRuby/UnavailableMethod: Matrix/Vector#[]= is unavailable before Ruby 2.6.", 3614053223],
    [57, 46, 4, "Lint/LtsRuby/UnavailableMethod: StringScanner#size is unavailable before Ruby 2.5.", 2088346912],
    [109, 69, 4, "Lint/LtsRuby/UnavailableMethod: Symbol#name is unavailable before Ruby 3.0.", 2087876002]
  ],
  "lib/oauth/signature/plaintext.rb:2225778553": [
    [15, 19, 4, "Lint/LtsRuby/UnavailableMethod: Set#to_s is unavailable before Ruby 2.5.", 2087961426],
    [15, 33, 4, "Lint/LtsRuby/UnavailableMethod: Set#to_s is unavailable before Ruby 2.5.", 2087961426]
  ],
  "lib/oauth/tokens/request_token.rb:2391770510": [
    [42, 32, 4, "Lint/LtsRuby/UnavailableMethod: Set#to_s is unavailable before Ruby 2.5.", 2087961426],
    [47, 63, 6, "Lint/LtsRuby/UnavailableMethod: Pathname#empty? is unavailable before Ruby 2.4.", 1165546895],
    [48, 11, 4, "Lint/LtsRuby/UnavailableMethod: Set#to_s is unavailable before Ruby 2.5.", 2087961426]
  ],
  "oauth.gemspec:2806652666": [
    [44, 24, 9, "Lint/LtsRuby/UnavailableMethod: Symbol#end_with? is unavailable before Ruby 2.7.", 308216808],
    [50, 16, 16, "Lint/LtsRuby/UnavailableMethod: Matrix/Vector#[]= is unavailable before Ruby 2.6.", 3147164910],
    [51, 16, 19, "Lint/LtsRuby/UnavailableMethod: Matrix/Vector#[]= is unavailable before Ruby 2.6.", 279056797],
    [52, 16, 17, "Lint/LtsRuby/UnavailableMethod: Matrix/Vector#[]= is unavailable before Ruby 2.6.", 4196512528],
    [53, 16, 19, "Lint/LtsRuby/UnavailableMethod: Matrix/Vector#[]= is unavailable before Ruby 2.6.", 3960302181],
    [54, 16, 21, "Lint/LtsRuby/UnavailableMethod: Matrix/Vector#[]= is unavailable before Ruby 2.6.", 2359681088],
    [54, 78, 4, "Lint/LtsRuby/UnavailableMethod: Symbol#name is unavailable before Ruby 3.0.", 2087876002],
    [55, 16, 15, "Lint/LtsRuby/UnavailableMethod: Matrix/Vector#[]= is unavailable before Ruby 2.6.", 1629595435],
    [56, 16, 12, "Lint/LtsRuby/UnavailableMethod: Matrix/Vector#[]= is unavailable before Ruby 2.6.", 2962383854],
    [57, 16, 12, "Lint/LtsRuby/UnavailableMethod: Matrix/Vector#[]= is unavailable before Ruby 2.6.", 3248034781],
    [57, 71, 4, "Lint/LtsRuby/UnavailableMethod: Symbol#name is unavailable before Ruby 3.0.", 2087876002],
    [58, 16, 15, "Lint/LtsRuby/UnavailableMethod: Matrix/Vector#[]= is unavailable before Ruby 2.6.", 1397552598],
    [59, 16, 20, "Lint/LtsRuby/UnavailableMethod: Matrix/Vector#[]= is unavailable before Ruby 2.6.", 2025055014],
    [60, 16, 25, "Lint/LtsRuby/UnavailableMethod: Matrix/Vector#[]= is unavailable before Ruby 2.6.", 1727630048],
    [72, 13, 2, "Lint/LtsRuby/UnavailableMethod: Method/Proc#<< is unavailable before Ruby 2.6.", 5859461],
    [97, 13, 4, "Lint/LtsRuby/UnavailableMethod: Symbol#name is unavailable before Ruby 3.0.", 2087876002]
  ],
  "spec/net/http_spec.rb:3655268231": [
    [14, 41, 4, "Lint/LtsRuby/UnavailableMethod: IO/SyntaxError#path is unavailable before Ruby 3.2.", 2088095368],
    [18, 20, 4, "Lint/LtsRuby/UnavailableMethod: IO/SyntaxError#path is unavailable before Ruby 3.2.", 2088095368],
    [31, 39, 4, "Lint/LtsRuby/UnavailableMethod: IO/SyntaxError#path is unavailable before Ruby 3.2.", 2088095368],
    [38, 20, 4, "Lint/LtsRuby/UnavailableMethod: IO/SyntaxError#path is unavailable before Ruby 3.2.", 2088095368],
    [48, 22, 4, "Lint/LtsRuby/UnavailableMethod: IO/SyntaxError#path is unavailable before Ruby 3.2.", 2088095368],
    [48, 79, 3, "Lint/LtsRuby/UnavailableMethod: KeyError#key is unavailable before Ruby 2.5.", 193424690],
    [49, 22, 4, "Lint/LtsRuby/UnavailableMethod: IO/SyntaxError#path is unavailable before Ruby 3.2.", 2088095368],
    [50, 22, 4, "Lint/LtsRuby/UnavailableMethod: IO/SyntaxError#path is unavailable before Ruby 3.2.", 2088095368],
    [54, 43, 4, "Lint/LtsRuby/UnavailableMethod: IO/SyntaxError#path is unavailable before Ruby 3.2.", 2088095368],
    [59, 22, 4, "Lint/LtsRuby/UnavailableMethod: IO/SyntaxError#path is unavailable before Ruby 3.2.", 2088095368],
    [59, 89, 3, "Lint/LtsRuby/UnavailableMethod: KeyError#key is unavailable before Ruby 2.5.", 193424690],
    [60, 22, 4, "Lint/LtsRuby/UnavailableMethod: IO/SyntaxError#path is unavailable before Ruby 3.2.", 2088095368],
    [68, 40, 4, "Lint/LtsRuby/UnavailableMethod: IO/SyntaxError#path is unavailable before Ruby 3.2.", 2088095368],
    [76, 40, 4, "Lint/LtsRuby/UnavailableMethod: IO/SyntaxError#path is unavailable before Ruby 3.2.", 2088095368]
  ],
  "spec/oauth/client/helper_spec.rb:2655434211": [
    [13, 45, 4, "Lint/LtsRuby/UnavailableMethod: IO/SyntaxError#path is unavailable before Ruby 3.2.", 2088095368],
    [20, 24, 4, "Lint/LtsRuby/UnavailableMethod: Set#to_s is unavailable before Ruby 2.5.", 2087961426],
    [173, 21, 10, "Lint/LtsRuby/UnavailableMethod: TracePoint#parameters is unavailable before Ruby 2.6.", 3331928383],
    [173, 74, 10, "Lint/LtsRuby/UnavailableMethod: TracePoint#parameters is unavailable before Ruby 2.6.", 3331928383],
    [181, 42, 10, "Lint/LtsRuby/UnavailableMethod: TracePoint#parameters is unavailable before Ruby 2.6.", 3331928383]
  ],
  "spec/oauth/consumer_integration_spec.rb:623765351": [
    [34, 51, 4, "Lint/LtsRuby/UnavailableMethod: IO/SyntaxError#path is unavailable before Ruby 3.2.", 2088095368],
    [38, 22, 4, "Lint/LtsRuby/UnavailableMethod: IO/SyntaxError#path is unavailable before Ruby 3.2.", 2088095368],
    [45, 48, 4, "Lint/LtsRuby/UnavailableMethod: IO/SyntaxError#path is unavailable before Ruby 3.2.", 2088095368],
    [47, 29, 19, "Lint/LtsRuby/UnavailableMethod: Matrix/Vector#[]= is unavailable before Ruby 2.6.", 1528277405],
    [58, 29, 19, "Lint/LtsRuby/UnavailableMethod: Matrix/Vector#[]= is unavailable before Ruby 2.6.", 1528277405],
    [67, 49, 4, "Lint/LtsRuby/UnavailableMethod: IO/SyntaxError#path is unavailable before Ruby 3.2.", 2088095368],
    [72, 22, 4, "Lint/LtsRuby/UnavailableMethod: IO/SyntaxError#path is unavailable before Ruby 3.2.", 2088095368],
    [80, 49, 4, "Lint/LtsRuby/UnavailableMethod: IO/SyntaxError#path is unavailable before Ruby 3.2.", 2088095368],
    [85, 22, 4, "Lint/LtsRuby/UnavailableMethod: IO/SyntaxError#path is unavailable before Ruby 3.2.", 2088095368],
    [86, 45, 4, "Lint/LtsRuby/UnavailableMethod: Set#join is unavailable before Ruby 3.0.", 2088000679],
    [96, 24, 4, "Lint/LtsRuby/UnavailableMethod: IO/SyntaxError#path is unavailable before Ruby 3.2.", 2088095368],
    [103, 22, 4, "Lint/LtsRuby/UnavailableMethod: IO/SyntaxError#path is unavailable before Ruby 3.2.", 2088095368],
    [112, 21, 4, "Lint/LtsRuby/UnavailableMethod: IO/SyntaxError#path is unavailable before Ruby 3.2.", 2088095368],
    [120, 22, 4, "Lint/LtsRuby/UnavailableMethod: IO/SyntaxError#path is unavailable before Ruby 3.2.", 2088095368],
    [130, 21, 4, "Lint/LtsRuby/UnavailableMethod: IO/SyntaxError#path is unavailable before Ruby 3.2.", 2088095368],
    [138, 22, 4, "Lint/LtsRuby/UnavailableMethod: IO/SyntaxError#path is unavailable before Ruby 3.2.", 2088095368],
    [139, 45, 4, "Lint/LtsRuby/UnavailableMethod: Set#join is unavailable before Ruby 3.0.", 2088000679],
    [212, 59, 4, "Lint/LtsRuby/UnavailableMethod: Set#to_s is unavailable before Ruby 2.5.", 2087961426]
  ],
  "spec/oauth/consumer_spec.rb:819157138": [
    [23, 23, 3, "Lint/LtsRuby/UnavailableMethod: KeyError#key is unavailable before Ruby 2.5.", 193424690],
    [40, 23, 3, "Lint/LtsRuby/UnavailableMethod: KeyError#key is unavailable before Ruby 2.5.", 193424690],
    [158, 41, 4, "Lint/LtsRuby/UnavailableMethod: Set#to_s is unavailable before Ruby 2.5.", 2087961426],
    [158, 63, 4, "Lint/LtsRuby/UnavailableMethod: Set#to_s is unavailable before Ruby 2.5.", 2087961426],
    [177, 20, 2, "Lint/LtsRuby/UnavailableMethod: Method/Proc#<< is unavailable before Ruby 2.6.", 5859461],
    [178, 22, 2, "Lint/LtsRuby/UnavailableMethod: Method/Proc#<< is unavailable before Ruby 2.6.", 5859461]
  ],
  "spec/oauth/helper_spec.rb:1090291860": [
    [121, 19, 1, "Lint/LtsRuby/UnavailableMethod: Enumerator#+ is unavailable before Ruby 2.6.", 177550]
  ],
  "spec/oauth/problem_spec.rb:3346153493": [
    [31, 22, 4, "Lint/LtsRuby/UnavailableMethod: Set#to_s is unavailable before Ruby 2.5.", 2087961426]
  ],
  "spec/oauth/request_proxy/action_controller_spec.rb:1031923481": [
    [22, 20, 10, "Lint/LtsRuby/UnavailableMethod: TracePoint#parameters is unavailable before Ruby 2.6.", 3331928383]
  ],
  "spec/oauth/request_proxy/action_dispatch_spec.rb:3381558161": [
    [20, 20, 10, "Lint/LtsRuby/UnavailableMethod: TracePoint#parameters is unavailable before Ruby 2.6.", 3331928383]
  ],
  "spec/oauth/request_proxy/net/http/http_request_spec.rb:3313532290": [
    [10, 37, 4, "Lint/LtsRuby/UnavailableMethod: IO/SyntaxError#path is unavailable before Ruby 3.2.", 2088095368],
    [15, 18, 10, "Lint/LtsRuby/UnavailableMethod: TracePoint#parameters is unavailable before Ruby 2.6.", 3331928383],
    [19, 35, 4, "Lint/LtsRuby/UnavailableMethod: IO/SyntaxError#path is unavailable before Ruby 3.2.", 2088095368],
    [20, 8, 16, "Lint/LtsRuby/UnavailableMethod: Matrix/Vector#[]= is unavailable before Ruby 2.6.", 515886271],
    [26, 18, 10, "Lint/LtsRuby/UnavailableMethod: TracePoint#parameters is unavailable before Ruby 2.6.", 3331928383]
  ],
  "spec/oauth/request_proxy/rack_spec.rb:1313844015": [
    [23, 20, 10, "Lint/LtsRuby/UnavailableMethod: TracePoint#parameters is unavailable before Ruby 2.6.", 3331928383],
    [51, 20, 10, "Lint/LtsRuby/UnavailableMethod: TracePoint#parameters is unavailable before Ruby 2.6.", 3331928383]
  ],
  "spec/oauth/request_proxy/rest_client_spec.rb:178854342": [
    [12, 20, 10, "Lint/LtsRuby/UnavailableMethod: TracePoint#parameters is unavailable before Ruby 2.6.", 3331928383]
  ],
  "spec/oauth/request_proxy/typhoeus_spec.rb:3390117692": [
    [12, 20, 10, "Lint/LtsRuby/UnavailableMethod: TracePoint#parameters is unavailable before Ruby 2.6.", 3331928383]
  ],
  "spec/oauth/server_spec.rb:3208154506": [
    [26, 23, 3, "Lint/LtsRuby/UnavailableMethod: KeyError#key is unavailable before Ruby 2.5.", 193424690],
    [28, 23, 3, "Lint/LtsRuby/UnavailableMethod: KeyError#key is unavailable before Ruby 2.5.", 193424690],
    [36, 23, 3, "Lint/LtsRuby/UnavailableMethod: KeyError#key is unavailable before Ruby 2.5.", 193424690]
  ],
  "spec/oauth/tty/cli_spec.rb:1657376684": [
    [214, 11, 2, "Lint/LtsRuby/UnavailableMethod: Method/Proc#<< is unavailable before Ruby 2.6.", 5859461],
    [231, 11, 2, "Lint/LtsRuby/UnavailableMethod: Method/Proc#<< is unavailable before Ruby 2.6.", 5859461]
  ],
  "spec/oauth/unauthorized_spec.rb:2818961907": [
    [23, 34, 4, "Lint/LtsRuby/UnavailableMethod: Set#to_s is unavailable before Ruby 2.5.", 2087961426],
    [28, 43, 4, "Lint/LtsRuby/UnavailableMethod: Set#to_s is unavailable before Ruby 2.5.", 2087961426],
    [33, 43, 4, "Lint/LtsRuby/UnavailableMethod: Set#to_s is unavailable before Ruby 2.5.", 2087961426]
  ]
}
